
Microsoft Visual Studio Solution File, Format Version 12.00
# Visual Studio Version 16
VisualStudioVersion = 16.0.29519.181
MinimumVisualStudioVersion = 10.0.40219.1
Project("{9A19103F-16F7-4668-BE54-9A1E7A4F7556}") = "Sssl", "Sssl\Sssl.csproj", "{D1467C87-464C-41A4-9A06-539867A6FA91}"
EndProject
Project("{9A19103F-16F7-4668-BE54-9A1E7A4F7556}") = "Sssl.Test", "Sssl.Test\Sssl.Test.csproj", "{1547A981-39C7-483A-AC7B-0CAA8FD25B1A}"
EndProject
Project("{6EC3EE1D-3C4E-46DD-8F32-0CC8E7565705}") = "SsslFSharp", "SsslFSharp\SsslFSharp.fsproj", "{7A8B8D7C-BDAF-4D90-B11C-4F58C393451B}"
EndProject
Project("{6EC3EE1D-3C4E-46DD-8F32-0CC8E7565705}") = "SsslFSharp.Test", "SsslFSharp.Test\SsslFSharp.Test.fsproj", "{7E1952B0-DE95-4182-B9A4-BEF995CB8BFF}"
EndProject
Global
	GlobalSection(SolutionConfigurationPlatforms) = preSolution
		Debug|Any CPU = Debug|Any CPU
		Release|Any CPU = Release|Any CPU
	EndGlobalSection
	GlobalSection(ProjectConfigurationPlatforms) = postSolution
		{D1467C87-464C-41A4-9A06-539867A6FA91}.Debug|Any CPU.ActiveCfg = Debug|Any CPU
		{D1467C87-464C-41A4-9A06-539867A6FA91}.Debug|Any CPU.Build.0 = Debug|Any CPU
		{D1467C87-464C-41A4-9A06-539867A6FA91}.Release|Any CPU.ActiveCfg = Release|Any CPU
		{D1467C87-464C-41A4-9A06-539867A6FA91}.Release|Any CPU.Build.0 = Release|Any CPU
		{1547A981-39C7-483A-AC7B-0CAA8FD25B1A}.Debug|Any CPU.ActiveCfg = Debug|Any CPU
		{1547A981-39C7-483A-AC7B-0CAA8FD25B1A}.Debug|Any CPU.Build.0 = Debug|Any CPU
		{1547A981-39C7-483A-AC7B-0CAA8FD25B1A}.Release|Any CPU.ActiveCfg = Release|Any CPU
		{1547A981-39C7-483A-AC7B-0CAA8FD25B1A}.Release|Any CPU.Build.0 = Release|Any CPU
		{7A8B8D7C-BDAF-4D90-B11C-4F58C393451B}.Debug|Any CPU.ActiveCfg = Debug|Any CPU
		{7A8B8D7C-BDAF-4D90-B11C-4F58C393451B}.Debug|Any CPU.Build.0 = Debug|Any CPU
		{7A8B8D7C-BDAF-4D90-B11C-4F58C393451B}.Release|Any CPU.ActiveCfg = Release|Any CPU
		{7A8B8D7C-BDAF-4D90-B11C-4F58C393451B}.Release|Any CPU.Build.0 = Release|Any CPU
		{7E1952B0-DE95-4182-B9A4-BEF995CB8BFF}.Debug|Any CPU.ActiveCfg = Debug|Any CPU
		{7E1952B0-DE95-4182-B9A4-BEF995CB8BFF}.Debug|Any CPU.Build.0 = Debug|Any CPU
		{7E1952B0-DE95-4182-B9A4-BEF995CB8BFF}.Release|Any CPU.ActiveCfg = Release|Any CPU
		{7E1952B0-DE95-4182-B9A4-BEF995CB8BFF}.Release|Any CPU.Build.0 = Release|Any CPU
	EndGlobalSection
	GlobalSection(SolutionProperties) = preSolution
		HideSolutionNode = FALSE
	EndGlobalSection
	GlobalSection(ExtensibilityGlobals) = postSolution
		SolutionGuid = {509DE609-706E-49F5-8886-ACE8EC165374}
	EndGlobalSection
EndGlobal
